
Microsoft Visual Studio Solution File, Format Version 12.00
# Visual Studio 15
VisualStudioVersion = 15.0.27703.2047
MinimumVisualStudioVersion = 10.0.40219.1
Project("{9A19103F-16F7-4668-BE54-9A1E7A4F7556}") = "SWSC.Presentation.MVC", "SWSC.Presentation.MVC\SWSC.Presentation.MVC.csproj", "{545CDEB4-296E-4F0B-ACB4-993453CDD605}"
EndProject
Project("{9A19103F-16F7-4668-BE54-9A1E7A4F7556}") = "SWSC.Entities", "SWSC.Entities\SWSC.Entities.csproj", "{F4AFBC1B-0312-40E8-8B3A-BFD9865F490D}"
EndProject
Project("{9A19103F-16F7-4668-BE54-9A1E7A4F7556}") = "SWSC.Business", "SWSC.Business\SWSC.Business.csproj", "{D0529F30-E365-43B0-880F-D4182CCD88BA}"
EndProject
Project("{9A19103F-16F7-4668-BE54-9A1E7A4F7556}") = "SWSC.Persistence", "SWSC.Persistence\SWSC.Persistence.csproj", "{F63B5C33-0997-40BB-85CB-F4D34B510AAA}"
EndProject
Project("{FAE04EC0-301F-11D3-BF4B-00C04F79EFBC}") = "SWSC.Tests", "SWSC.Tests\SWSC.Tests.csproj", "{BEFEAE9C-1C97-4BCD-95F4-B5D6EAF1A2D3}"
EndProject
Global
	GlobalSection(SolutionConfigurationPlatforms) = preSolution
		Debug|Any CPU = Debug|Any CPU
		Release|Any CPU = Release|Any CPU
	EndGlobalSection
	GlobalSection(ProjectConfigurationPlatforms) = postSolution
		{545CDEB4-296E-4F0B-ACB4-993453CDD605}.Debug|Any CPU.ActiveCfg = Debug|Any CPU
		{545CDEB4-296E-4F0B-ACB4-993453CDD605}.Debug|Any CPU.Build.0 = Debug|Any CPU
		{545CDEB4-296E-4F0B-ACB4-993453CDD605}.Release|Any CPU.ActiveCfg = Release|Any CPU
		{545CDEB4-296E-4F0B-ACB4-993453CDD605}.Release|Any CPU.Build.0 = Release|Any CPU
		{F4AFBC1B-0312-40E8-8B3A-BFD9865F490D}.Debug|Any CPU.ActiveCfg = Debug|Any CPU
		{F4AFBC1B-0312-40E8-8B3A-BFD9865F490D}.Debug|Any CPU.Build.0 = Debug|Any CPU
		{F4AFBC1B-0312-40E8-8B3A-BFD9865F490D}.Release|Any CPU.ActiveCfg = Release|Any CPU
		{F4AFBC1B-0312-40E8-8B3A-BFD9865F490D}.Release|Any CPU.Build.0 = Release|Any CPU
		{D0529F30-E365-43B0-880F-D4182CCD88BA}.Debug|Any CPU.ActiveCfg = Debug|Any CPU
		{D0529F30-E365-43B0-880F-D4182CCD88BA}.Debug|Any CPU.Build.0 = Debug|Any CPU
		{D0529F30-E365-43B0-880F-D4182CCD88BA}.Release|Any CPU.ActiveCfg = Release|Any CPU
		{D0529F30-E365-43B0-880F-D4182CCD88BA}.Release|Any CPU.Build.0 = Release|Any CPU
		{F63B5C33-0997-40BB-85CB-F4D34B510AAA}.Debug|Any CPU.ActiveCfg = Debug|Any CPU
		{F63B5C33-0997-40BB-85CB-F4D34B510AAA}.Debug|Any CPU.Build.0 = Debug|Any CPU
		{F63B5C33-0997-40BB-85CB-F4D34B510AAA}.Release|Any CPU.ActiveCfg = Release|Any CPU
		{F63B5C33-0997-40BB-85CB-F4D34B510AAA}.Release|Any CPU.Build.0 = Release|Any CPU
		{BEFEAE9C-1C97-4BCD-95F4-B5D6EAF1A2D3}.Debug|Any CPU.ActiveCfg = Debug|Any CPU
		{BEFEAE9C-1C97-4BCD-95F4-B5D6EAF1A2D3}.Debug|Any CPU.Build.0 = Debug|Any CPU
		{BEFEAE9C-1C97-4BCD-95F4-B5D6EAF1A2D3}.Release|Any CPU.ActiveCfg = Release|Any CPU
		{BEFEAE9C-1C97-4BCD-95F4-B5D6EAF1A2D3}.Release|Any CPU.Build.0 = Release|Any CPU
	EndGlobalSection
	GlobalSection(SolutionProperties) = preSolution
		HideSolutionNode = FALSE
	EndGlobalSection
	GlobalSection(ExtensibilityGlobals) = postSolution
		SolutionGuid = {81784DB9-48C6-4DD6-BDCE-49F1CCA3CDB7}
	EndGlobalSection
EndGlobal
